github.com/adagit94/err v0.2.0 h1:/fhaNWmFGrJS3CX0yhQS/zAuMCgYqL+STwP/TYay1YE=
github.com/adagit94/err v0.2.0/go.mod h1:ekFIDkSXQEZCZujf+xKnkyEzMo/8nqXusCbXyCJsCV0=
github.com/adagit94/gotils v0.2.0 h1:t7JbHhn8UDVR2/VRn154rZnNtUmgb8zH0rFaI2/MacE=
github.com/adagit94/gotils v0.2.0/go.mod h1:Plukkimvo77WcQlIUfoHaVmIkZof15APbvLxuThhpw4=
